{
  "originHash" : "ebc882b9d634345c75b35d999ed94d15a82a5c11e2f9a584792b788cba3c2e92",
  "pins" : [
    {
      "identity" : "fhirmodels",
      "kind" : "remoteSourceControl",
      "location" : "https://github.com/apple/FHIRModels.git",
      "state" : {
        "revision" : "3fdead0f6459d7d3480d12c514ae27da31974a41",
        "version" : "0.9.3"
      }
    }
  ],
  "version" : 3
}
